
Microsoft Visual Studio Solution File, Format Version 12.00
# Visual Studio Version 17
VisualStudioVersion = 17.9.34607.119
MinimumVisualStudioVersion = 10.0.40219.1
Project("{9A19103F-16F7-4668-BE54-9A1E7A4F7556}") = "EmployeesWeb.Api", "EmployersWeb\EmployeesWeb.Api.csproj", "{31472998-28F4-403A-896F-DE2A02B1245C}"
EndProject
Project("{9A19103F-16F7-4668-BE54-9A1E7A4F7556}") = "EmployeesStore.App", "EmployersStore\EmployeesStore.App.csproj", "{49D34EA7-C9A6-4B6D-9A0B-F65FE5AED0BF}"
EndProject
Project("{FAE04EC0-301F-11D3-BF4B-00C04F79EFBC}") = "EmployeesStore.Core", "EmployersStore.Core1\EmployeesStore.Core.csproj", "{539F8A7F-2222-495E-85CA-1DCD433F0465}"
EndProject
Global
	GlobalSection(SolutionConfigurationPlatforms) = preSolution
		Debug|Any CPU = Debug|Any CPU
		Release|Any CPU = Release|Any CPU
	EndGlobalSection
	GlobalSection(ProjectConfigurationPlatforms) = postSolution
		{31472998-28F4-403A-896F-DE2A02B1245C}.Debug|Any CPU.ActiveCfg = Debug|Any CPU
		{31472998-28F4-403A-896F-DE2A02B1245C}.Debug|Any CPU.Build.0 = Debug|Any CPU
		{31472998-28F4-403A-896F-DE2A02B1245C}.Release|Any CPU.ActiveCfg = Release|Any CPU
		{31472998-28F4-403A-896F-DE2A02B1245C}.Release|Any CPU.Build.0 = Release|Any CPU
		{49D34EA7-C9A6-4B6D-9A0B-F65FE5AED0BF}.Debug|Any CPU.ActiveCfg = Debug|Any CPU
		{49D34EA7-C9A6-4B6D-9A0B-F65FE5AED0BF}.Debug|Any CPU.Build.0 = Debug|Any CPU
		{49D34EA7-C9A6-4B6D-9A0B-F65FE5AED0BF}.Release|Any CPU.ActiveCfg = Release|Any CPU
		{49D34EA7-C9A6-4B6D-9A0B-F65FE5AED0BF}.Release|Any CPU.Build.0 = Release|Any CPU
		{539F8A7F-2222-495E-85CA-1DCD433F0465}.Debug|Any CPU.ActiveCfg = Debug|Any CPU
		{539F8A7F-2222-495E-85CA-1DCD433F0465}.Debug|Any CPU.Build.0 = Debug|Any CPU
		{539F8A7F-2222-495E-85CA-1DCD433F0465}.Release|Any CPU.ActiveCfg = Release|Any CPU
		{539F8A7F-2222-495E-85CA-1DCD433F0465}.Release|Any CPU.Build.0 = Release|Any CPU
	EndGlobalSection
	GlobalSection(SolutionProperties) = preSolution
		HideSolutionNode = FALSE
	EndGlobalSection
	GlobalSection(ExtensibilityGlobals) = postSolution
		SolutionGuid = {474F65B3-9D1B-488D-861D-943ED80B3F33}
	EndGlobalSection
EndGlobal
